// !$*UTF8*$!
{
	archiveVersion = 1;
	classes = {
	};
	objectVersion = 56;
	objects = {

/* Begin PBXBuildFile section */
		CE25C85E2AF5245E0056382E /* EDTabBarController.swift in Sources */ = {isa = PBXBuildFile; fileRef = CE25C85D2AF5245E0056382E /* EDTabBarController.swift */; };
		CE25C8752AF5287A0056382E /* UIView+Ext.swift in Sources */ = {isa = PBXBuildFile; fileRef = CE25C8742AF5287A0056382E /* UIView+Ext.swift */; };
		CE25C8782AF529370056382E /* TasksVC.swift in Sources */ = {isa = PBXBuildFile; fileRef = CE25C8772AF529370056382E /* TasksVC.swift */; };
		CE25C87B2AF529F60056382E /* SettingsVC.swift in Sources */ = {isa = PBXBuildFile; fileRef = CE25C87A2AF529F60056382E /* SettingsVC.swift */; };
		CE7FAADC2AECF30B000E3209 /* AppDelegate.swift in Sources */ = {isa = PBXBuildFile; fileRef = CE7FAADB2AECF30B000E3209 /* AppDelegate.swift */; };
		CE7FAADE2AECF30B000E3209 /* SceneDelegate.swift in Sources */ = {isa = PBXBuildFile; fileRef = CE7FAADD2AECF30B000E3209 /* SceneDelegate.swift */; };
		CE7FAAE52AECF312000E3209 /* Assets.xcassets in Resources */ = {isa = PBXBuildFile; fileRef = CE7FAAE42AECF312000E3209 /* Assets.xcassets */; };
		CE7FAAE82AECF312000E3209 /* LaunchScreen.storyboard in Resources */ = {isa = PBXBuildFile; fileRef = CE7FAAE62AECF312000E3209 /* LaunchScreen.storyboard */; };
		CE9EEFB42AFAF10D0089187B /* UIHelper.swift in Sources */ = {isa = PBXBuildFile; fileRef = CE9EEFB32AFAF10D0089187B /* UIHelper.swift */; };
		CEBA586F2AFEC57D00FE3BD1 /* Task.swift in Sources */ = {isa = PBXBuildFile; fileRef = CEBA586E2AFEC57D00FE3BD1 /* Task.swift */; };
		CEBA58712AFEC64900FE3BD1 /* ChartGridView.swift in Sources */ = {isa = PBXBuildFile; fileRef = CEBA58702AFEC64900FE3BD1 /* ChartGridView.swift */; };
		CEBA58732AFF7B8D00FE3BD1 /* ChartDetailView.swift in Sources */ = {isa = PBXBuildFile; fileRef = CEBA58722AFF7B8D00FE3BD1 /* ChartDetailView.swift */; };
		CEBA58752AFFF19400FE3BD1 /* ChartGridViewModel.swift in Sources */ = {isa = PBXBuildFile; fileRef = CEBA58742AFFF19400FE3BD1 /* ChartGridViewModel.swift */; };
/* End PBXBuildFile section */

/* Begin PBXFileReference section */
		CE25C85D2AF5245E0056382E /* EDTabBarController.swift */ = {isa = PBXFileReference; lastKnownFileType = sourcecode.swift; path = EDTabBarController.swift; sourceTree = "<group>"; };
		CE25C8742AF5287A0056382E /* UIView+Ext.swift */ = {isa = PBXFileReference; lastKnownFileType = sourcecode.swift; path = "UIView+Ext.swift"; sourceTree = "<group>"; };
		CE25C8772AF529370056382E /* TasksVC.swift */ = {isa = PBXFileReference; lastKnownFileType = sourcecode.swift; path = TasksVC.swift; sourceTree = "<group>"; };
		CE25C87A2AF529F60056382E /* SettingsVC.swift */ = {isa = PBXFileReference; lastKnownFileType = sourcecode.swift; path = SettingsVC.swift; sourceTree = "<group>"; };
		CE7FAAD82AECF30B000E3209 /* Everyday.app */ = {isa = PBXFileReference; explicitFileType = wrapper.application; includeInIndex = 0; path = Everyday.app; sourceTree = BUILT_PRODUCTS_DIR; };
		CE7FAADB2AECF30B000E3209 /* AppDelegate.swift */ = {isa = PBXFileReference; lastKnownFileType = sourcecode.swift; path = AppDelegate.swift; sourceTree = "<group>"; };
		CE7FAADD2AECF30B000E3209 /* SceneDelegate.swift */ = {isa = PBXFileReference; lastKnownFileType = sourcecode.swift; path = SceneDelegate.swift; sourceTree = "<group>"; };
		CE7FAAE42AECF312000E3209 /* Assets.xcassets */ = {isa = PBXFileReference; lastKnownFileType = folder.assetcatalog; path = Assets.xcassets; sourceTree = "<group>"; };
		CE7FAAE72AECF312000E3209 /* Base */ = {isa = PBXFileReference; lastKnownFileType = file.storyboard; name = Base; path = Base.lproj/LaunchScreen.storyboard; sourceTree = "<group>"; };
		CE7FAAE92AECF312000E3209 /* Info.plist */ = {isa = PBXFileReference; lastKnownFileType = text.plist.xml; path = Info.plist; sourceTree = "<group>"; };
		CE9EEFB32AFAF10D0089187B /* UIHelper.swift */ = {isa = PBXFileReference; lastKnownFileType = sourcecode.swift; path = UIHelper.swift; sourceTree = "<group>"; };
		CEBA586E2AFEC57D00FE3BD1 /* Task.swift */ = {isa = PBXFileReference; lastKnownFileType = sourcecode.swift; path = Task.swift; sourceTree = "<group>"; };
		CEBA58702AFEC64900FE3BD1 /* ChartGridView.swift */ = {isa = PBXFileReference; lastKnownFileType = sourcecode.swift; path = ChartGridView.swift; sourceTree = "<group>"; };
		CEBA58722AFF7B8D00FE3BD1 /* ChartDetailView.swift */ = {isa = PBXFileReference; lastKnownFileType = sourcecode.swift; path = ChartDetailView.swift; sourceTree = "<group>"; };
		CEBA58742AFFF19400FE3BD1 /* ChartGridViewModel.swift */ = {isa = PBXFileReference; lastKnownFileType = sourcecode.swift; path = ChartGridViewModel.swift; sourceTree = "<group>"; };
/* End PBXFileReference section */

/* Begin PBXFrameworksBuildPhase section */
		CE7FAAD52AECF30B000E3209 /* Frameworks */ = {
			isa = PBXFrameworksBuildPhase;
			buildActionMask = 2147483647;
			files = (
			);
			runOnlyForDeploymentPostprocessing = 0;
		};
/* End PBXFrameworksBuildPhase section */

/* Begin PBXGroup section */
		CE25C85C2AF5243B0056382E /* TabBarControllers */ = {
			isa = PBXGroup;
			children = (
				CE25C85D2AF5245E0056382E /* EDTabBarController.swift */,
			);
			path = TabBarControllers;
			sourceTree = "<group>";
		};
		CE25C8602AF5249F0056382E /* Analytics */ = {
			isa = PBXGroup;
			children = (
				CEBA586E2AFEC57D00FE3BD1 /* Task.swift */,
				CEBA58702AFEC64900FE3BD1 /* ChartGridView.swift */,
				CEBA58722AFF7B8D00FE3BD1 /* ChartDetailView.swift */,
				CEBA58742AFFF19400FE3BD1 /* ChartGridViewModel.swift */,
			);
			path = Analytics;
			sourceTree = "<group>";
		};
		CE25C8762AF529280056382E /* Tasks */ = {
			isa = PBXGroup;
			children = (
				CE25C8772AF529370056382E /* TasksVC.swift */,
			);
			path = Tasks;
			sourceTree = "<group>";
		};
		CE25C8792AF529D30056382E /* Settings */ = {
			isa = PBXGroup;
			children = (
				CE25C87A2AF529F60056382E /* SettingsVC.swift */,
			);
			path = Settings;
			sourceTree = "<group>";
		};
		CE7FAACF2AECF30B000E3209 = {
			isa = PBXGroup;
			children = (
				CE7FAADA2AECF30B000E3209 /* Everyday */,
				CE7FAAD92AECF30B000E3209 /* Products */,
			);
			sourceTree = "<group>";
		};
		CE7FAAD92AECF30B000E3209 /* Products */ = {
			isa = PBXGroup;
			children = (
				CE7FAAD82AECF30B000E3209 /* Everyday.app */,
			);
			name = Products;
			sourceTree = "<group>";
		};
		CE7FAADA2AECF30B000E3209 /* Everyday */ = {
			isa = PBXGroup;
			children = (
				CE84B8FA2AF0590C00B1E795 /* Screens */,
				CE84B8FB2AF0592100B1E795 /* CustomViews */,
				CE84B8FF2AF0599500B1E795 /* Managers */,
				CE84B9012AF05A4B00B1E795 /* Utilities */,
				CE84B9002AF05A0F00B1E795 /* Extensions */,
				CE84B8FE2AF0598A00B1E795 /* Model */,
				CE84B8F92AF058E000B1E795 /* Support */,
				CE7FAAE92AECF312000E3209 /* Info.plist */,
			);
			path = Everyday;
			sourceTree = "<group>";
		};
		CE84B8F92AF058E000B1E795 /* Support */ = {
			isa = PBXGroup;
			children = (
				CE7FAADB2AECF30B000E3209 /* AppDelegate.swift */,
				CE7FAADD2AECF30B000E3209 /* SceneDelegate.swift */,
				CE7FAAE42AECF312000E3209 /* Assets.xcassets */,
				CE7FAAE62AECF312000E3209 /* LaunchScreen.storyboard */,
			);
			path = Support;
			sourceTree = "<group>";
		};
		CE84B8FA2AF0590C00B1E795 /* Screens */ = {
			isa = PBXGroup;
			children = (
				CE25C8792AF529D30056382E /* Settings */,
				CE25C8762AF529280056382E /* Tasks */,
				CE25C8602AF5249F0056382E /* Analytics */,
			);
			path = Screens;
			sourceTree = "<group>";
		};
		CE84B8FB2AF0592100B1E795 /* CustomViews */ = {
			isa = PBXGroup;
			children = (
				CE25C85C2AF5243B0056382E /* TabBarControllers */,
			);
			path = CustomViews;
			sourceTree = "<group>";
		};
		CE84B8FE2AF0598A00B1E795 /* Model */ = {
			isa = PBXGroup;
			children = (
			);
			path = Model;
			sourceTree = "<group>";
		};
		CE84B8FF2AF0599500B1E795 /* Managers */ = {
			isa = PBXGroup;
			children = (
			);
			path = Managers;
			sourceTree = "<group>";
		};
		CE84B9002AF05A0F00B1E795 /* Extensions */ = {
			isa = PBXGroup;
			children = (
				CE25C8742AF5287A0056382E /* UIView+Ext.swift */,
			);
			path = Extensions;
			sourceTree = "<group>";
		};
		CE84B9012AF05A4B00B1E795 /* Utilities */ = {
			isa = PBXGroup;
			children = (
				CE9EEFB32AFAF10D0089187B /* UIHelper.swift */,
			);
			path = Utilities;
			sourceTree = "<group>";
		};
/* End PBXGroup section */

/* Begin PBXNativeTarget section */
		CE7FAAD72AECF30B000E3209 /* Everyday */ = {
			isa = PBXNativeTarget;
			buildConfigurationList = CE7FAAEC2AECF312000E3209 /* Build configuration list for PBXNativeTarget "Everyday" */;
			buildPhases = (
				CE7FAAD42AECF30B000E3209 /* Sources */,
				CE7FAAD52AECF30B000E3209 /* Frameworks */,
				CE7FAAD62AECF30B000E3209 /* Resources */,
			);
			buildRules = (
			);
			dependencies = (
			);
			name = Everyday;
			productName = Everyday;
			productReference = CE7FAAD82AECF30B000E3209 /* Everyday.app */;
			productType = "com.apple.product-type.application";
		};
/* End PBXNativeTarget section */

/* Begin PBXProject section */
		CE7FAAD02AECF30B000E3209 /* Project object */ = {
			isa = PBXProject;
			attributes = {
				BuildIndependentTargetsInParallel = 1;
				LastSwiftUpdateCheck = 1420;
				LastUpgradeCheck = 1420;
				TargetAttributes = {
					CE7FAAD72AECF30B000E3209 = {
						CreatedOnToolsVersion = 14.2;
					};
				};
			};
			buildConfigurationList = CE7FAAD32AECF30B000E3209 /* Build configuration list for PBXProject "Everyday" */;
			compatibilityVersion = "Xcode 14.0";
			developmentRegion = en;
			hasScannedForEncodings = 0;
			knownRegions = (
				en,
				Base,
			);
			mainGroup = CE7FAACF2AECF30B000E3209;
			productRefGroup = CE7FAAD92AECF30B000E3209 /* Products */;
			projectDirPath = "";
			projectRoot = "";
			targets = (
				CE7FAAD72AECF30B000E3209 /* Everyday */,
			);
		};
/* End PBXProject section */

/* Begin PBXResourcesBuildPhase section */
		CE7FAAD62AECF30B000E3209 /* Resources */ = {
			isa = PBXResourcesBuildPhase;
			buildActionMask = 2147483647;
			files = (
				CE7FAAE82AECF312000E3209 /* LaunchScreen.storyboard in Resources */,
				CE7FAAE52AECF312000E3209 /* Assets.xcassets in Resources */,
			);
			runOnlyForDeploymentPostprocessing = 0;
		};
/* End PBXResourcesBuildPhase section */

/* Begin PBXSourcesBuildPhase section */
		CE7FAAD42AECF30B000E3209 /* Sources */ = {
			isa = PBXSourcesBuildPhase;
			buildActionMask = 2147483647;
			files = (
				CE25C85E2AF5245E0056382E /* EDTabBarController.swift in Sources */,
				CE7FAADC2AECF30B000E3209 /* AppDelegate.swift in Sources */,
				CE9EEFB42AFAF10D0089187B /* UIHelper.swift in Sources */,
				CEBA58712AFEC64900FE3BD1 /* ChartGridView.swift in Sources */,
				CE7FAADE2AECF30B000E3209 /* SceneDelegate.swift in Sources */,
				CEBA58752AFFF19400FE3BD1 /* ChartGridViewModel.swift in Sources */,
				CEBA58732AFF7B8D00FE3BD1 /* ChartDetailView.swift in Sources */,
				CEBA586F2AFEC57D00FE3BD1 /* Task.swift in Sources */,
				CE25C8752AF5287A0056382E /* UIView+Ext.swift in Sources */,
				CE25C8782AF529370056382E /* TasksVC.swift in Sources */,
				CE25C87B2AF529F60056382E /* SettingsVC.swift in Sources */,
			);
			runOnlyForDeploymentPostprocessing = 0;
		};
/* End PBXSourcesBuildPhase section */

/* Begin PBXVariantGroup section */
		CE7FAAE62AECF312000E3209 /* LaunchScreen.storyboard */ = {
			isa = PBXVariantGroup;
			children = (
				CE7FAAE72AECF312000E3209 /* Base */,
			);
			name = LaunchScreen.storyboard;
			sourceTree = "<group>";
		};
/* End PBXVariantGroup section */

/* Begin XCBuildConfiguration section */
		CE7FAAEA2AECF312000E3209 /* Debug */ = {
			isa = XCBuildConfiguration;
			buildSettings = {
				ALWAYS_SEARCH_USER_PATHS = NO;
				CLANG_ANALYZER_NONNULL = YES;
				CLANG_ANALYZER_NUMBER_OBJECT_CONVERSION = YES_AGGRESSIVE;
				CLANG_CXX_LANGUAGE_STANDARD = "gnu++20";
				CLANG_ENABLE_MODULES = YES;
				CLANG_ENABLE_OBJC_ARC = YES;
				CLANG_ENABLE_OBJC_WEAK = YES;
				CLANG_WARN_BLOCK_CAPTURE_AUTORELEASING = YES;
				CLANG_WARN_BOOL_CONVERSION = YES;
				CLANG_WARN_COMMA = YES;
				CLANG_WARN_CONSTANT_CONVERSION = YES;
				CLANG_WARN_DEPRECATED_OBJC_IMPLEMENTATIONS = YES;
				CLANG_WARN_DIRECT_OBJC_ISA_USAGE = YES_ERROR;
				CLANG_WARN_DOCUMENTATION_COMMENTS = YES;
				CLANG_WARN_EMPTY_BODY = YES;
				CLANG_WARN_ENUM_CONVERSION = YES;
				CLANG_WARN_INFINITE_RECURSION = YES;
				CLANG_WARN_INT_CONVERSION = YES;
				CLANG_WARN_NON_LITERAL_NULL_CONVERSION = YES;
				CLANG_WARN_OBJC_IMPLICIT_RETAIN_SELF = YES;
				CLANG_WARN_OBJC_LITERAL_CONVERSION = YES;
				CLANG_WARN_OBJC_ROOT_CLASS = YES_ERROR;
				CLANG_WARN_QUOTED_INCLUDE_IN_FRAMEWORK_HEADER = YES;
				CLANG_WARN_RANGE_LOOP_ANALYSIS = YES;
				CLANG_WARN_STRICT_PROTOTYPES = YES;
				CLANG_WARN_SUSPICIOUS_MOVE = YES;
				CLANG_WARN_UNGUARDED_AVAILABILITY = YES_AGGRESSIVE;
				CLANG_WARN_UNREACHABLE_CODE = YES;
				CLANG_WARN__DUPLICATE_METHOD_MATCH = YES;
				COPY_PHASE_STRIP = NO;
				DEBUG_INFORMATION_FORMAT = dwarf;
				ENABLE_STRICT_OBJC_MSGSEND = YES;
				ENABLE_TESTABILITY = YES;
				GCC_C_LANGUAGE_STANDARD = gnu11;
				GCC_DYNAMIC_NO_PIC = NO;
				GCC_NO_COMMON_BLOCKS = YES;
				GCC_OPTIMIZATION_LEVEL = 0;
				GCC_PREPROCESSOR_DEFINITIONS = (
					"DEBUG=1",
					"$(inherited)",
				);
				GCC_WARN_64_TO_32_BIT_CONVERSION = YES;
				GCC_WARN_ABOUT_RETURN_TYPE = YES_ERROR;
				GCC_WARN_UNDECLARED_SELECTOR = YES;
				GCC_WARN_UNINITIALIZED_AUTOS = YES_AGGRESSIVE;
				GCC_WARN_UNUSED_FUNCTION = YES;
				GCC_WARN_UNUSED_VARIABLE = YES;
				IPHONEOS_DEPLOYMENT_TARGET = 16.2;
				MTL_ENABLE_DEBUG_INFO = INCLUDE_SOURCE;
				MTL_FAST_MATH = YES;
				ONLY_ACTIVE_ARCH = YES;
				SDKROOT = iphoneos;
				SWIFT_ACTIVE_COMPILATION_CONDITIONS = DEBUG;
				SWIFT_OPTIMIZATION_LEVEL = "-Onone";
			};
			name = Debug;
		};
		CE7FAAEB2AECF312000E3209 /* Release */ = {
			isa = XCBuildConfiguration;
			buildSettings = {
				ALWAYS_SEARCH_USER_PATHS = NO;
				CLANG_ANALYZER_NONNULL = YES;
				CLANG_ANALYZER_NUMBER_OBJECT_CONVERSION = YES_AGGRESSIVE;
				CLANG_CXX_LANGUAGE_STANDARD = "gnu++20";
				CLANG_ENABLE_MODULES = YES;
				CLANG_ENABLE_OBJC_ARC = YES;
				CLANG_ENABLE_OBJC_WEAK = YES;
				CLANG_WARN_BLOCK_CAPTURE_AUTORELEASING = YES;
				CLANG_WARN_BOOL_CONVERSION = YES;
				CLANG_WARN_COMMA = YES;
				CLANG_WARN_CONSTANT_CONVERSION = YES;
				CLANG_WARN_DEPRECATED_OBJC_IMPLEMENTATIONS = YES;
				CLANG_WARN_DIRECT_OBJC_ISA_USAGE = YES_ERROR;
				CLANG_WARN_DOCUMENTATION_COMMENTS = YES;
				CLANG_WARN_EMPTY_BODY = YES;
				CLANG_WARN_ENUM_CONVERSION = YES;
				CLANG_WARN_INFINITE_RECURSION = YES;
				CLANG_WARN_INT_CONVERSION = YES;
				CLANG_WARN_NON_LITERAL_NULL_CONVERSION = YES;
				CLANG_WARN_OBJC_IMPLICIT_RETAIN_SELF = YES;
				CLANG_WARN_OBJC_LITERAL_CONVERSION = YES;
				CLANG_WARN_OBJC_ROOT_CLASS = YES_ERROR;
				CLANG_WARN_QUOTED_INCLUDE_IN_FRAMEWORK_HEADER = YES;
				CLANG_WARN_RANGE_LOOP_ANALYSIS = YES;
				CLANG_WARN_STRICT_PROTOTYPES = YES;
				CLANG_WARN_SUSPICIOUS_MOVE = YES;
				CLANG_WARN_UNGUARDED_AVAILABILITY = YES_AGGRESSIVE;
				CLANG_WARN_UNREACHABLE_CODE = YES;
				CLANG_WARN__DUPLICATE_METHOD_MATCH = YES;
				COPY_PHASE_STRIP = NO;
				DEBUG_INFORMATION_FORMAT = "dwarf-with-dsym";
				ENABLE_NS_ASSERTIONS = NO;
				ENABLE_STRICT_OBJC_MSGSEND = YES;
				GCC_C_LANGUAGE_STANDARD = gnu11;
				GCC_NO_COMMON_BLOCKS = YES;
				GCC_WARN_64_TO_32_BIT_CONVERSION = YES;
				GCC_WARN_ABOUT_RETURN_TYPE = YES_ERROR;
				GCC_WARN_UNDECLARED_SELECTOR = YES;
				GCC_WARN_UNINITIALIZED_AUTOS = YES_AGGRESSIVE;
				GCC_WARN_UNUSED_FUNCTION = YES;
				GCC_WARN_UNUSED_VARIABLE = YES;
				IPHONEOS_DEPLOYMENT_TARGET = 16.2;
				MTL_ENABLE_DEBUG_INFO = NO;
				MTL_FAST_MATH = YES;
				SDKROOT = iphoneos;
				SWIFT_COMPILATION_MODE = wholemodule;
				SWIFT_OPTIMIZATION_LEVEL = "-O";
				VALIDATE_PRODUCT = YES;
			};
			name = Release;
		};
		CE7FAAED2AECF312000E3209 /* Debug */ = {
			isa = XCBuildConfiguration;
			buildSettings = {
				ASSETCATALOG_COMPILER_APPICON_NAME = AppIcon;
				ASSETCATALOG_COMPILER_GLOBAL_ACCENT_COLOR_NAME = AccentColor;
				CODE_SIGN_STYLE = Automatic;
				CURRENT_PROJECT_VERSION = 1;
				DEVELOPMENT_TEAM = LW5X22QCW4;
				GENERATE_INFOPLIST_FILE = YES;
				INFOPLIST_FILE = Everyday/Info.plist;
				INFOPLIST_KEY_UIApplicationSupportsIndirectInputEvents = YES;
				INFOPLIST_KEY_UILaunchStoryboardName = LaunchScreen;
				INFOPLIST_KEY_UISupportedInterfaceOrientations_iPad = "UIInterfaceOrientationPortrait UIInterfaceOrientationPortraitUpsideDown UIInterfaceOrientationLandscapeLeft UIInterfaceOrientationLandscapeRight";
				INFOPLIST_KEY_UISupportedInterfaceOrientations_iPhone = "UIInterfaceOrientationPortrait UIInterfaceOrientationLandscapeLeft UIInterfaceOrientationLandscapeRight";
				LD_RUNPATH_SEARCH_PATHS = (
					"$(inherited)",
					"@executable_path/Frameworks",
				);
				MARKETING_VERSION = 1.0;
				PRODUCT_BUNDLE_IDENTIFIER = EDTeam.Everyday;
				PRODUCT_NAME = "$(TARGET_NAME)";
				SWIFT_EMIT_LOC_STRINGS = YES;
				SWIFT_VERSION = 5.0;
				TARGETED_DEVICE_FAMILY = "1,2";
			};
			name = Debug;
		};
		CE7FAAEE2AECF312000E3209 /* Release */ = {
			isa = XCBuildConfiguration;
			buildSettings = {
				ASSETCATALOG_COMPILER_APPICON_NAME = AppIcon;
				ASSETCATALOG_COMPILER_GLOBAL_ACCENT_COLOR_NAME = AccentColor;
				CODE_SIGN_STYLE = Automatic;
				CURRENT_PROJECT_VERSION = 1;
				DEVELOPMENT_TEAM = LW5X22QCW4;
				GENERATE_INFOPLIST_FILE = YES;
				INFOPLIST_FILE = Everyday/Info.plist;
				INFOPLIST_KEY_UIApplicationSupportsIndirectInputEvents = YES;
				INFOPLIST_KEY_UILaunchStoryboardName = LaunchScreen;
				INFOPLIST_KEY_UISupportedInterfaceOrientations_iPad = "UIInterfaceOrientationPortrait UIInterfaceOrientationPortraitUpsideDown UIInterfaceOrientationLandscapeLeft UIInterfaceOrientationLandscapeRight";
				INFOPLIST_KEY_UISupportedInterfaceOrientations_iPhone = "UIInterfaceOrientationPortrait UIInterfaceOrientationLandscapeLeft UIInterfaceOrientationLandscapeRight";
				LD_RUNPATH_SEARCH_PATHS = (
					"$(inherited)",
					"@executable_path/Frameworks",
				);
				MARKETING_VERSION = 1.0;
				PRODUCT_BUNDLE_IDENTIFIER = EDTeam.Everyday;
				PRODUCT_NAME = "$(TARGET_NAME)";
				SWIFT_EMIT_LOC_STRINGS = YES;
				SWIFT_VERSION = 5.0;
				TARGETED_DEVICE_FAMILY = "1,2";
			};
			name = Release;
		};
/* End XCBuildConfiguration section */

/* Begin XCConfigurationList section */
		CE7FAAD32AECF30B000E3209 /* Build configuration list for PBXProject "Everyday" */ = {
			isa = XCConfigurationList;
			buildConfigurations = (
				CE7FAAEA2AECF312000E3209 /* Debug */,
				CE7FAAEB2AECF312000E3209 /* Release */,
			);
			defaultConfigurationIsVisible = 0;
			defaultConfigurationName = Release;
		};
		CE7FAAEC2AECF312000E3209 /* Build configuration list for PBXNativeTarget "Everyday" */ = {
			isa = XCConfigurationList;
			buildConfigurations = (
				CE7FAAED2AECF312000E3209 /* Debug */,
				CE7FAAEE2AECF312000E3209 /* Release */,
			);
			defaultConfigurationIsVisible = 0;
			defaultConfigurationName = Release;
		};
/* End XCConfigurationList section */
	};
	rootObject = CE7FAAD02AECF30B000E3209 /* Project object */;
}
